// !$*UTF8*$!
{
	archiveVersion = 1;
	classes = {
	};
	objectVersion = 55;
	objects = {

/* Begin PBXBuildFile section */
		28DFF7CB281C84810012C12C /* The_Sleep_SynopsisApp.swift in Sources */ = {isa = PBXBuildFile; fileRef = 28DFF7BB281C847D0012C12C /* The_Sleep_SynopsisApp.swift */; };
		28DFF7CC281C84810012C12C /* The_Sleep_SynopsisApp.swift in Sources */ = {isa = PBXBuildFile; fileRef = 28DFF7BB281C847D0012C12C /* The_Sleep_SynopsisApp.swift */; };
		28DFF7CD281C84810012C12C /* ContentView.swift in Sources */ = {isa = PBXBuildFile; fileRef = 28DFF7BC281C847D0012C12C /* ContentView.swift */; };
		28DFF7CE281C84810012C12C /* ContentView.swift in Sources */ = {isa = PBXBuildFile; fileRef = 28DFF7BC281C847D0012C12C /* ContentView.swift */; };
		28DFF7CF281C84810012C12C /* Assets.xcassets in Resources */ = {isa = PBXBuildFile; fileRef = 28DFF7BD281C84810012C12C /* Assets.xcassets */; };
		28DFF7D0281C84810012C12C /* Assets.xcassets in Resources */ = {isa = PBXBuildFile; fileRef = 28DFF7BD281C84810012C12C /* Assets.xcassets */; };
		28DFF7DA281C853C0012C12C /* TopCard.swift in Sources */ = {isa = PBXBuildFile; fileRef = 28DFF7D9281C853C0012C12C /* TopCard.swift */; };
		28DFF7DB281C853C0012C12C /* TopCard.swift in Sources */ = {isa = PBXBuildFile; fileRef = 28DFF7D9281C853C0012C12C /* TopCard.swift */; };
		28DFF7DF281C8D4E0012C12C /* Date+TSS.swift in Sources */ = {isa = PBXBuildFile; fileRef = 28DFF7DE281C8D4E0012C12C /* Date+TSS.swift */; };
		28DFF7E0281C8D4E0012C12C /* Date+TSS.swift in Sources */ = {isa = PBXBuildFile; fileRef = 28DFF7DE281C8D4E0012C12C /* Date+TSS.swift */; };
		28DFF7E2281D45550012C12C /* TheSleepSynopsis.swift in Sources */ = {isa = PBXBuildFile; fileRef = 28DFF7E1281D45550012C12C /* TheSleepSynopsis.swift */; };
		28DFF7E3281D45550012C12C /* TheSleepSynopsis.swift in Sources */ = {isa = PBXBuildFile; fileRef = 28DFF7E1281D45550012C12C /* TheSleepSynopsis.swift */; };
		28DFF7E5281D4F6A0012C12C /* DayProgress.swift in Sources */ = {isa = PBXBuildFile; fileRef = 28DFF7E4281D4F6A0012C12C /* DayProgress.swift */; };
		28DFF7E6281D4F6A0012C12C /* DayProgress.swift in Sources */ = {isa = PBXBuildFile; fileRef = 28DFF7E4281D4F6A0012C12C /* DayProgress.swift */; };
		E289F10A28945C7500E32148 /* ProfileSettings.swift in Sources */ = {isa = PBXBuildFile; fileRef = E289F10928945C7500E32148 /* ProfileSettings.swift */; };
		E289F10C2894684B00E32148 /* SettingsText.swift in Sources */ = {isa = PBXBuildFile; fileRef = E289F10B2894684B00E32148 /* SettingsText.swift */; };
		E289F10E2894700100E32148 /* SettingsModel.swift in Sources */ = {isa = PBXBuildFile; fileRef = E289F10D2894700100E32148 /* SettingsModel.swift */; };
		E289F1112894958A00E32148 /* Introspect in Frameworks */ = {isa = PBXBuildFile; productRef = E289F1102894958A00E32148 /* Introspect */; };
		E289F1132895847F00E32148 /* SleepChart.swift in Sources */ = {isa = PBXBuildFile; fileRef = E289F1122895847F00E32148 /* SleepChart.swift */; };
		E289F11A2896B44E00E32148 /* MoodChart.swift in Sources */ = {isa = PBXBuildFile; fileRef = E289F1192896B44E00E32148 /* MoodChart.swift */; };
		E289F11C2896D40C00E32148 /* NewEntry.swift in Sources */ = {isa = PBXBuildFile; fileRef = E289F11B2896D40C00E32148 /* NewEntry.swift */; };
		E289F1252896E8B200E32148 /* SwiftUICharts in Frameworks */ = {isa = PBXBuildFile; productRef = E289F1242896E8B200E32148 /* SwiftUICharts */; };
		E289F1272896F51E00E32148 /* NewEntryViewModel.swift in Sources */ = {isa = PBXBuildFile; fileRef = E289F1262896F51E00E32148 /* NewEntryViewModel.swift */; };
		E289F12A2896F96200E32148 /* Dream.swift in Sources */ = {isa = PBXBuildFile; fileRef = E289F1292896F96200E32148 /* Dream.swift */; };
		E289F12D2899A9D800E32148 /* SleepEntry.swift in Sources */ = {isa = PBXBuildFile; fileRef = E289F12C2899A9D800E32148 /* SleepEntry.swift */; };
		E289F12E2899A9D800E32148 /* SleepEntry.swift in Sources */ = {isa = PBXBuildFile; fileRef = E289F12C2899A9D800E32148 /* SleepEntry.swift */; };
		E289F1302899AA5E00E32148 /* User.swift in Sources */ = {isa = PBXBuildFile; fileRef = E289F12F2899AA5E00E32148 /* User.swift */; };
		E289F1312899AA5E00E32148 /* User.swift in Sources */ = {isa = PBXBuildFile; fileRef = E289F12F2899AA5E00E32148 /* User.swift */; };
		E289F1332899AA8C00E32148 /* UserAuth.swift in Sources */ = {isa = PBXBuildFile; fileRef = E289F1322899AA8C00E32148 /* UserAuth.swift */; };
		E289F1342899AA8C00E32148 /* UserAuth.swift in Sources */ = {isa = PBXBuildFile; fileRef = E289F1322899AA8C00E32148 /* UserAuth.swift */; };
		E289F1372899ABA500E32148 /* APIClient.swift in Sources */ = {isa = PBXBuildFile; fileRef = E289F1362899ABA500E32148 /* APIClient.swift */; };
		E289F1382899ABA500E32148 /* APIClient.swift in Sources */ = {isa = PBXBuildFile; fileRef = E289F1362899ABA500E32148 /* APIClient.swift */; };
		E289F13A2899B15E00E32148 /* AuthManager.swift in Sources */ = {isa = PBXBuildFile; fileRef = E289F1392899B15E00E32148 /* AuthManager.swift */; };
		E289F13B2899B15E00E32148 /* AuthManager.swift in Sources */ = {isa = PBXBuildFile; fileRef = E289F1392899B15E00E32148 /* AuthManager.swift */; };
		E289F13E2899B3B300E32148 /* KeychainAccess in Frameworks */ = {isa = PBXBuildFile; productRef = E289F13D2899B3B300E32148 /* KeychainAccess */; };
		E289F1412899B4C100E32148 /* JWTDecode in Frameworks */ = {isa = PBXBuildFile; productRef = E289F1402899B4C100E32148 /* JWTDecode */; };
		E289F1432899B6DD00E32148 /* Data+Encode.swift in Sources */ = {isa = PBXBuildFile; fileRef = E289F1422899B6DD00E32148 /* Data+Encode.swift */; };
		E289F1442899B6DD00E32148 /* Data+Encode.swift in Sources */ = {isa = PBXBuildFile; fileRef = E289F1422899B6DD00E32148 /* Data+Encode.swift */; };
		E289F1462899D00500E32148 /* AuthService.swift in Sources */ = {isa = PBXBuildFile; fileRef = E289F1452899D00500E32148 /* AuthService.swift */; };
		E289F1472899D00500E32148 /* AuthService.swift in Sources */ = {isa = PBXBuildFile; fileRef = E289F1452899D00500E32148 /* AuthService.swift */; };
		E289F1492899D3FB00E32148 /* Global.swift in Sources */ = {isa = PBXBuildFile; fileRef = E289F1482899D3FB00E32148 /* Global.swift */; };
		E289F14A2899D3FB00E32148 /* Global.swift in Sources */ = {isa = PBXBuildFile; fileRef = E289F1482899D3FB00E32148 /* Global.swift */; };
		E2B1C6882899E4A900DC7C92 /* UserService.swift in Sources */ = {isa = PBXBuildFile; fileRef = E2B1C6872899E4A900DC7C92 /* UserService.swift */; };
		E2B1C6892899E4A900DC7C92 /* UserService.swift in Sources */ = {isa = PBXBuildFile; fileRef = E2B1C6872899E4A900DC7C92 /* UserService.swift */; };
		E2B1C68B2899E5BB00DC7C92 /* SleepService.swift in Sources */ = {isa = PBXBuildFile; fileRef = E2B1C68A2899E5BB00DC7C92 /* SleepService.swift */; };
		E2B1C68C2899E5BB00DC7C92 /* SleepService.swift in Sources */ = {isa = PBXBuildFile; fileRef = E2B1C68A2899E5BB00DC7C92 /* SleepService.swift */; };
		E2C3D6ED282A8A9E00E0B8FE /* Color+TSS.swift in Sources */ = {isa = PBXBuildFile; fileRef = E2C3D6EC282A8A9E00E0B8FE /* Color+TSS.swift */; };
		E2C3D6EE282A8A9E00E0B8FE /* Color+TSS.swift in Sources */ = {isa = PBXBuildFile; fileRef = E2C3D6EC282A8A9E00E0B8FE /* Color+TSS.swift */; };
		E2C3D6F5282A8D5D00E0B8FE /* OnboardingViewModel.swift in Sources */ = {isa = PBXBuildFile; fileRef = E2C3D6F4282A8D5D00E0B8FE /* OnboardingViewModel.swift */; };
		E2C3D6F6282A8D5D00E0B8FE /* OnboardingViewModel.swift in Sources */ = {isa = PBXBuildFile; fileRef = E2C3D6F4282A8D5D00E0B8FE /* OnboardingViewModel.swift */; };
		E2C3D6F8282A901300E0B8FE /* BorderedTextField.swift in Sources */ = {isa = PBXBuildFile; fileRef = E2C3D6F7282A901300E0B8FE /* BorderedTextField.swift */; };
		E2C3D6F9282A901300E0B8FE /* BorderedTextField.swift in Sources */ = {isa = PBXBuildFile; fileRef = E2C3D6F7282A901300E0B8FE /* BorderedTextField.swift */; };
		E2C3D6FB282A912300E0B8FE /* PrimaryButtonStyle.swift in Sources */ = {isa = PBXBuildFile; fileRef = E2C3D6FA282A912300E0B8FE /* PrimaryButtonStyle.swift */; };
		E2C3D6FC282A912300E0B8FE /* PrimaryButtonStyle.swift in Sources */ = {isa = PBXBuildFile; fileRef = E2C3D6FA282A912300E0B8FE /* PrimaryButtonStyle.swift */; };
		E2C3D6FE282A954A00E0B8FE /* View+TSS.swift in Sources */ = {isa = PBXBuildFile; fileRef = E2C3D6FD282A954A00E0B8FE /* View+TSS.swift */; };
		E2C3D6FF282A954A00E0B8FE /* View+TSS.swift in Sources */ = {isa = PBXBuildFile; fileRef = E2C3D6FD282A954A00E0B8FE /* View+TSS.swift */; };
		E2C3D703282AA1AA00E0B8FE /* WelcomePage.swift in Sources */ = {isa = PBXBuildFile; fileRef = E2C3D702282AA1AA00E0B8FE /* WelcomePage.swift */; };
		E2C3D704282AA1AA00E0B8FE /* WelcomePage.swift in Sources */ = {isa = PBXBuildFile; fileRef = E2C3D702282AA1AA00E0B8FE /* WelcomePage.swift */; };
		E2C3D707282AA1C200E0B8FE /* MainPage.swift in Sources */ = {isa = PBXBuildFile; fileRef = E2C3D706282AA1C200E0B8FE /* MainPage.swift */; };
		E2C3D708282AA1C200E0B8FE /* MainPage.swift in Sources */ = {isa = PBXBuildFile; fileRef = E2C3D706282AA1C200E0B8FE /* MainPage.swift */; };
/* End PBXBuildFile section */

/* Begin PBXFileReference section */
		28DFF7BB281C847D0012C12C /* The_Sleep_SynopsisApp.swift */ = {isa = PBXFileReference; lastKnownFileType = sourcecode.swift; path = The_Sleep_SynopsisApp.swift; sourceTree = "<group>"; };
		28DFF7BC281C847D0012C12C /* ContentView.swift */ = {isa = PBXFileReference; lastKnownFileType = sourcecode.swift; path = ContentView.swift; sourceTree = "<group>"; };
		28DFF7BD281C84810012C12C /* Assets.xcassets */ = {isa = PBXFileReference; lastKnownFileType = folder.assetcatalog; path = Assets.xcassets; sourceTree = "<group>"; };
		28DFF7C2281C84810012C12C /* The Sleep Synopsis.app */ = {isa = PBXFileReference; explicitFileType = wrapper.application; includeInIndex = 0; path = "The Sleep Synopsis.app"; sourceTree = BUILT_PRODUCTS_DIR; };
		28DFF7C8281C84810012C12C /* The Sleep Synopsis.app */ = {isa = PBXFileReference; explicitFileType = wrapper.application; includeInIndex = 0; path = "The Sleep Synopsis.app"; sourceTree = BUILT_PRODUCTS_DIR; };
		28DFF7CA281C84810012C12C /* macOS.entitlements */ = {isa = PBXFileReference; lastKnownFileType = text.plist.entitlements; path = macOS.entitlements; sourceTree = "<group>"; };
		28DFF7D9281C853C0012C12C /* TopCard.swift */ = {isa = PBXFileReference; lastKnownFileType = sourcecode.swift; path = TopCard.swift; sourceTree = "<group>"; };
		28DFF7DE281C8D4E0012C12C /* Date+TSS.swift */ = {isa = PBXFileReference; lastKnownFileType = sourcecode.swift; path = "Date+TSS.swift"; sourceTree = "<group>"; };
		28DFF7E1281D45550012C12C /* TheSleepSynopsis.swift */ = {isa = PBXFileReference; lastKnownFileType = sourcecode.swift; path = TheSleepSynopsis.swift; sourceTree = "<group>"; };
		28DFF7E4281D4F6A0012C12C /* DayProgress.swift */ = {isa = PBXFileReference; lastKnownFileType = sourcecode.swift; path = DayProgress.swift; sourceTree = "<group>"; };
		E289F10928945C7500E32148 /* ProfileSettings.swift */ = {isa = PBXFileReference; lastKnownFileType = sourcecode.swift; path = ProfileSettings.swift; sourceTree = "<group>"; };
		E289F10B2894684B00E32148 /* SettingsText.swift */ = {isa = PBXFileReference; lastKnownFileType = sourcecode.swift; path = SettingsText.swift; sourceTree = "<group>"; };
		E289F10D2894700100E32148 /* SettingsModel.swift */ = {isa = PBXFileReference; lastKnownFileType = sourcecode.swift; path = SettingsModel.swift; sourceTree = "<group>"; };
		E289F1122895847F00E32148 /* SleepChart.swift */ = {isa = PBXFileReference; lastKnownFileType = sourcecode.swift; path = SleepChart.swift; sourceTree = "<group>"; };
		E289F1192896B44E00E32148 /* MoodChart.swift */ = {isa = PBXFileReference; lastKnownFileType = sourcecode.swift; path = MoodChart.swift; sourceTree = "<group>"; };
		E289F11B2896D40C00E32148 /* NewEntry.swift */ = {isa = PBXFileReference; lastKnownFileType = sourcecode.swift; path = NewEntry.swift; sourceTree = "<group>"; };
		E289F1262896F51E00E32148 /* NewEntryViewModel.swift */ = {isa = PBXFileReference; lastKnownFileType = sourcecode.swift; path = NewEntryViewModel.swift; sourceTree = "<group>"; };
		E289F1292896F96200E32148 /* Dream.swift */ = {isa = PBXFileReference; lastKnownFileType = sourcecode.swift; path = Dream.swift; sourceTree = "<group>"; };
		E289F12C2899A9D800E32148 /* SleepEntry.swift */ = {isa = PBXFileReference; lastKnownFileType = sourcecode.swift; path = SleepEntry.swift; sourceTree = "<group>"; };
		E289F12F2899AA5E00E32148 /* User.swift */ = {isa = PBXFileReference; lastKnownFileType = sourcecode.swift; path = User.swift; sourceTree = "<group>"; };
		E289F1322899AA8C00E32148 /* UserAuth.swift */ = {isa = PBXFileReference; lastKnownFileType = sourcecode.swift; path = UserAuth.swift; sourceTree = "<group>"; };
		E289F1362899ABA500E32148 /* APIClient.swift */ = {isa = PBXFileReference; lastKnownFileType = sourcecode.swift; path = APIClient.swift; sourceTree = "<group>"; };
		E289F1392899B15E00E32148 /* AuthManager.swift */ = {isa = PBXFileReference; lastKnownFileType = sourcecode.swift; path = AuthManager.swift; sourceTree = "<group>"; };
		E289F1422899B6DD00E32148 /* Data+Encode.swift */ = {isa = PBXFileReference; lastKnownFileType = sourcecode.swift; path = "Data+Encode.swift"; sourceTree = "<group>"; };
		E289F1452899D00500E32148 /* AuthService.swift */ = {isa = PBXFileReference; lastKnownFileType = sourcecode.swift; path = AuthService.swift; sourceTree = "<group>"; };
		E289F1482899D3FB00E32148 /* Global.swift */ = {isa = PBXFileReference; lastKnownFileType = sourcecode.swift; path = Global.swift; sourceTree = "<group>"; };
		E2B1C6872899E4A900DC7C92 /* UserService.swift */ = {isa = PBXFileReference; lastKnownFileType = sourcecode.swift; path = UserService.swift; sourceTree = "<group>"; };
		E2B1C68A2899E5BB00DC7C92 /* SleepService.swift */ = {isa = PBXFileReference; lastKnownFileType = sourcecode.swift; path = SleepService.swift; sourceTree = "<group>"; };
		E2C3D6EC282A8A9E00E0B8FE /* Color+TSS.swift */ = {isa = PBXFileReference; lastKnownFileType = sourcecode.swift; path = "Color+TSS.swift"; sourceTree = "<group>"; };
		E2C3D6F4282A8D5D00E0B8FE /* OnboardingViewModel.swift */ = {isa = PBXFileReference; lastKnownFileType = sourcecode.swift; path = OnboardingViewModel.swift; sourceTree = "<group>"; };
		E2C3D6F7282A901300E0B8FE /* BorderedTextField.swift */ = {isa = PBXFileReference; lastKnownFileType = sourcecode.swift; path = BorderedTextField.swift; sourceTree = "<group>"; };
		E2C3D6FA282A912300E0B8FE /* PrimaryButtonStyle.swift */ = {isa = PBXFileReference; lastKnownFileType = sourcecode.swift; path = PrimaryButtonStyle.swift; sourceTree = "<group>"; };
		E2C3D6FD282A954A00E0B8FE /* View+TSS.swift */ = {isa = PBXFileReference; lastKnownFileType = sourcecode.swift; path = "View+TSS.swift"; sourceTree = "<group>"; };
		E2C3D702282AA1AA00E0B8FE /* WelcomePage.swift */ = {isa = PBXFileReference; fileEncoding = 4; lastKnownFileType = sourcecode.swift; path = WelcomePage.swift; sourceTree = "<group>"; };
		E2C3D706282AA1C200E0B8FE /* MainPage.swift */ = {isa = PBXFileReference; lastKnownFileType = sourcecode.swift; path = MainPage.swift; sourceTree = "<group>"; };
/* End PBXFileReference section */

/* Begin PBXFrameworksBuildPhase section */
		28DFF7BF281C84810012C12C /* Frameworks */ = {
			isa = PBXFrameworksBuildPhase;
			buildActionMask = 2147483647;
			files = (
				E289F1112894958A00E32148 /* Introspect in Frameworks */,
				E289F1252896E8B200E32148 /* SwiftUICharts in Frameworks */,
				E289F1412899B4C100E32148 /* JWTDecode in Frameworks */,
				E289F13E2899B3B300E32148 /* KeychainAccess in Frameworks */,
			);
			runOnlyForDeploymentPostprocessing = 0;
		};
		28DFF7C5281C84810012C12C /* Frameworks */ = {
			isa = PBXFrameworksBuildPhase;
			buildActionMask = 2147483647;
			files = (
			);
			runOnlyForDeploymentPostprocessing = 0;
		};
/* End PBXFrameworksBuildPhase section */

/* Begin PBXGroup section */
		28DFF7B5281C847D0012C12C = {
			isa = PBXGroup;
			children = (
				28DFF7BA281C847D0012C12C /* Shared */,
				28DFF7C9281C84810012C12C /* macOS */,
				28DFF7C3281C84810012C12C /* Products */,
			);
			sourceTree = "<group>";
		};
		28DFF7BA281C847D0012C12C /* Shared */ = {
			isa = PBXGroup;
			children = (
				E289F12B2899A7CB00E32148 /* Network */,
				E289F1282896F95100E32148 /* Models */,
				E2C3D6EB282A8A7400E0B8FE /* ViewModels */,
				E2C3D6EA282A8A6D00E0B8FE /* Views */,
				E2C3D701282AA19900E0B8FE /* Pages */,
				28DFF7DD281C8D210012C12C /* Extensions */,
				28DFF7BB281C847D0012C12C /* The_Sleep_SynopsisApp.swift */,
				28DFF7BC281C847D0012C12C /* ContentView.swift */,
				28DFF7BD281C84810012C12C /* Assets.xcassets */,
				28DFF7E1281D45550012C12C /* TheSleepSynopsis.swift */,
			);
			path = Shared;
			sourceTree = "<group>";
		};
		28DFF7C3281C84810012C12C /* Products */ = {
			isa = PBXGroup;
			children = (
				28DFF7C2281C84810012C12C /* The Sleep Synopsis.app */,
				28DFF7C8281C84810012C12C /* The Sleep Synopsis.app */,
			);
			name = Products;
			sourceTree = "<group>";
		};
		28DFF7C9281C84810012C12C /* macOS */ = {
			isa = PBXGroup;
			children = (
				28DFF7CA281C84810012C12C /* macOS.entitlements */,
			);
			path = macOS;
			sourceTree = "<group>";
		};
		28DFF7DD281C8D210012C12C /* Extensions */ = {
			isa = PBXGroup;
			children = (
				28DFF7DE281C8D4E0012C12C /* Date+TSS.swift */,
				E2C3D6EC282A8A9E00E0B8FE /* Color+TSS.swift */,
				E2C3D6FD282A954A00E0B8FE /* View+TSS.swift */,
				E289F1422899B6DD00E32148 /* Data+Encode.swift */,
			);
			path = Extensions;
			sourceTree = "<group>";
		};
		E289F10828945C5500E32148 /* Profile */ = {
			isa = PBXGroup;
			children = (
				E289F10928945C7500E32148 /* ProfileSettings.swift */,
			);
			path = Profile;
			sourceTree = "<group>";
		};
		E289F1282896F95100E32148 /* Models */ = {
			isa = PBXGroup;
			children = (
				E289F1292896F96200E32148 /* Dream.swift */,
				E289F12C2899A9D800E32148 /* SleepEntry.swift */,
				E289F12F2899AA5E00E32148 /* User.swift */,
				E289F1322899AA8C00E32148 /* UserAuth.swift */,
			);
			path = Models;
			sourceTree = "<group>";
		};
		E289F12B2899A7CB00E32148 /* Network */ = {
			isa = PBXGroup;
			children = (
				E289F1352899AB9900E32148 /* Services */,
				E289F1362899ABA500E32148 /* APIClient.swift */,
				E289F1392899B15E00E32148 /* AuthManager.swift */,
			);
			path = Network;
			sourceTree = "<group>";
		};
		E289F1352899AB9900E32148 /* Services */ = {
			isa = PBXGroup;
			children = (
				E289F1452899D00500E32148 /* AuthService.swift */,
				E2B1C6872899E4A900DC7C92 /* UserService.swift */,
				E2B1C68A2899E5BB00DC7C92 /* SleepService.swift */,
			);
			path = Services;
			sourceTree = "<group>";
		};
		E2C3D6EA282A8A6D00E0B8FE /* Views */ = {
			isa = PBXGroup;
			children = (
				E2C3D709282AA1FA00E0B8FE /* MainPage */,
				28DFF7E4281D4F6A0012C12C /* DayProgress.swift */,
				E2C3D6F7282A901300E0B8FE /* BorderedTextField.swift */,
				E2C3D6FA282A912300E0B8FE /* PrimaryButtonStyle.swift */,
				E289F10B2894684B00E32148 /* SettingsText.swift */,
			);
			path = Views;
			sourceTree = "<group>";
		};
		E2C3D6EB282A8A7400E0B8FE /* ViewModels */ = {
			isa = PBXGroup;
			children = (
				E2C3D6F4282A8D5D00E0B8FE /* OnboardingViewModel.swift */,
				E289F10D2894700100E32148 /* SettingsModel.swift */,
				E289F1262896F51E00E32148 /* NewEntryViewModel.swift */,
				E289F1482899D3FB00E32148 /* Global.swift */,
			);
			path = ViewModels;
			sourceTree = "<group>";
		};
		E2C3D701282AA19900E0B8FE /* Pages */ = {
			isa = PBXGroup;
			children = (
				E289F10828945C5500E32148 /* Profile */,
				E2C3D705282AA1B100E0B8FE /* Onboarding */,
				E2C3D706282AA1C200E0B8FE /* MainPage.swift */,
				E289F11B2896D40C00E32148 /* NewEntry.swift */,
			);
			path = Pages;
			sourceTree = "<group>";
		};
		E2C3D705282AA1B100E0B8FE /* Onboarding */ = {
			isa = PBXGroup;
			children = (
				E2C3D702282AA1AA00E0B8FE /* WelcomePage.swift */,
			);
			path = Onboarding;
			sourceTree = "<group>";
		};
		E2C3D709282AA1FA00E0B8FE /* MainPage */ = {
			isa = PBXGroup;
			children = (
				28DFF7D9281C853C0012C12C /* TopCard.swift */,
				E289F1122895847F00E32148 /* SleepChart.swift */,
				E289F1192896B44E00E32148 /* MoodChart.swift */,
			);
			path = MainPage;
			sourceTree = "<group>";
		};
/* End PBXGroup section */

/* Begin PBXNativeTarget section */
		28DFF7C1281C84810012C12C /* The Sleep Synopsis (iOS) */ = {
			isa = PBXNativeTarget;
			buildConfigurationList = 28DFF7D3281C84810012C12C /* Build configuration list for PBXNativeTarget "The Sleep Synopsis (iOS)" */;
			buildPhases = (
				28DFF7BE281C84810012C12C /* Sources */,
				28DFF7BF281C84810012C12C /* Frameworks */,
				28DFF7C0281C84810012C12C /* Resources */,
			);
			buildRules = (
			);
			dependencies = (
			);
			name = "The Sleep Synopsis (iOS)";
			packageProductDependencies = (
				E289F1102894958A00E32148 /* Introspect */,
				E289F1242896E8B200E32148 /* SwiftUICharts */,
				E289F13D2899B3B300E32148 /* KeychainAccess */,
				E289F1402899B4C100E32148 /* JWTDecode */,
			);
			productName = "The Sleep Synopsis (iOS)";
			productReference = 28DFF7C2281C84810012C12C /* The Sleep Synopsis.app */;
			productType = "com.apple.product-type.application";
		};
		28DFF7C7281C84810012C12C /* The Sleep Synopsis (macOS) */ = {
			isa = PBXNativeTarget;
			buildConfigurationList = 28DFF7D6281C84810012C12C /* Build configuration list for PBXNativeTarget "The Sleep Synopsis (macOS)" */;
			buildPhases = (
				28DFF7C4281C84810012C12C /* Sources */,
				28DFF7C5281C84810012C12C /* Frameworks */,
				28DFF7C6281C84810012C12C /* Resources */,
			);
			buildRules = (
			);
			dependencies = (
			);
			name = "The Sleep Synopsis (macOS)";
			productName = "The Sleep Synopsis (macOS)";
			productReference = 28DFF7C8281C84810012C12C /* The Sleep Synopsis.app */;
			productType = "com.apple.product-type.application";
		};
/* End PBXNativeTarget section */

/* Begin PBXProject section */
		28DFF7B6281C847D0012C12C /* Project object */ = {
			isa = PBXProject;
			attributes = {
				BuildIndependentTargetsInParallel = 1;
				LastSwiftUpdateCheck = 1320;
				LastUpgradeCheck = 1320;
				TargetAttributes = {
					28DFF7C1281C84810012C12C = {
						CreatedOnToolsVersion = 13.2;
					};
					28DFF7C7281C84810012C12C = {
						CreatedOnToolsVersion = 13.2;
					};
				};
			};
			buildConfigurationList = 28DFF7B9281C847D0012C12C /* Build configuration list for PBXProject "The Sleep Synopsis" */;
			compatibilityVersion = "Xcode 13.0";
			developmentRegion = en;
			hasScannedForEncodings = 0;
			knownRegions = (
				en,
				Base,
			);
			mainGroup = 28DFF7B5281C847D0012C12C;
			packageReferences = (
				E289F10F2894958A00E32148 /* XCRemoteSwiftPackageReference "SwiftUI-Introspect" */,
				E289F1232896E8B200E32148 /* XCRemoteSwiftPackageReference "ChartView" */,
				E289F13C2899B3B300E32148 /* XCRemoteSwiftPackageReference "KeychainAccess" */,
				E289F13F2899B4C100E32148 /* XCRemoteSwiftPackageReference "JWTDecode" */,
			);
			productRefGroup = 28DFF7C3281C84810012C12C /* Products */;
			projectDirPath = "";
			projectRoot = "";
			targets = (
				28DFF7C1281C84810012C12C /* The Sleep Synopsis (iOS) */,
				28DFF7C7281C84810012C12C /* The Sleep Synopsis (macOS) */,
			);
		};
/* End PBXProject section */

/* Begin PBXResourcesBuildPhase section */
		28DFF7C0281C84810012C12C /* Resources */ = {
			isa = PBXResourcesBuildPhase;
			buildActionMask = 2147483647;
			files = (
				28DFF7CF281C84810012C12C /* Assets.xcassets in Resources */,
			);
			runOnlyForDeploymentPostprocessing = 0;
		};
		28DFF7C6281C84810012C12C /* Resources */ = {
			isa = PBXResourcesBuildPhase;
			buildActionMask = 2147483647;
			files = (
				28DFF7D0281C84810012C12C /* Assets.xcassets in Resources */,
			);
			runOnlyForDeploymentPostprocessing = 0;
		};
/* End PBXResourcesBuildPhase section */

/* Begin PBXSourcesBuildPhase section */
		28DFF7BE281C84810012C12C /* Sources */ = {
			isa = PBXSourcesBuildPhase;
			buildActionMask = 2147483647;
			files = (
				E289F11C2896D40C00E32148 /* NewEntry.swift in Sources */,
				E289F10E2894700100E32148 /* SettingsModel.swift in Sources */,
				28DFF7E2281D45550012C12C /* TheSleepSynopsis.swift in Sources */,
				E289F13A2899B15E00E32148 /* AuthManager.swift in Sources */,
				E289F1372899ABA500E32148 /* APIClient.swift in Sources */,
				E2C3D6F8282A901300E0B8FE /* BorderedTextField.swift in Sources */,
				E289F12D2899A9D800E32148 /* SleepEntry.swift in Sources */,
				28DFF7E5281D4F6A0012C12C /* DayProgress.swift in Sources */,
				E2C3D6ED282A8A9E00E0B8FE /* Color+TSS.swift in Sources */,
				E2C3D707282AA1C200E0B8FE /* MainPage.swift in Sources */,
				E2B1C68B2899E5BB00DC7C92 /* SleepService.swift in Sources */,
				28DFF7DF281C8D4E0012C12C /* Date+TSS.swift in Sources */,
				E289F1132895847F00E32148 /* SleepChart.swift in Sources */,
				E2C3D6FB282A912300E0B8FE /* PrimaryButtonStyle.swift in Sources */,
				E289F1272896F51E00E32148 /* NewEntryViewModel.swift in Sources */,
				28DFF7DA281C853C0012C12C /* TopCard.swift in Sources */,
				E289F1492899D3FB00E32148 /* Global.swift in Sources */,
				E289F10A28945C7500E32148 /* ProfileSettings.swift in Sources */,
				E289F10C2894684B00E32148 /* SettingsText.swift in Sources */,
				E289F12A2896F96200E32148 /* Dream.swift in Sources */,
				28DFF7CD281C84810012C12C /* ContentView.swift in Sources */,
				E2C3D6F5282A8D5D00E0B8FE /* OnboardingViewModel.swift in Sources */,
				E289F1332899AA8C00E32148 /* UserAuth.swift in Sources */,
				E2C3D6FE282A954A00E0B8FE /* View+TSS.swift in Sources */,
				E289F11A2896B44E00E32148 /* MoodChart.swift in Sources */,
				E289F1432899B6DD00E32148 /* Data+Encode.swift in Sources */,
				E2C3D703282AA1AA00E0B8FE /* WelcomePage.swift in Sources */,
				E2B1C6882899E4A900DC7C92 /* UserService.swift in Sources */,
				28DFF7CB281C84810012C12C /* The_Sleep_SynopsisApp.swift in Sources */,
				E289F1302899AA5E00E32148 /* User.swift in Sources */,
				E289F1462899D00500E32148 /* AuthService.swift in Sources */,
			);
			runOnlyForDeploymentPostprocessing = 0;
		};
		28DFF7C4281C84810012C12C /* Sources */ = {
			isa = PBXSourcesBuildPhase;
			buildActionMask = 2147483647;
			files = (
				28DFF7E3281D45550012C12C /* TheSleepSynopsis.swift in Sources */,
				E289F13B2899B15E00E32148 /* AuthManager.swift in Sources */,
				E289F1382899ABA500E32148 /* APIClient.swift in Sources */,
				E289F1442899B6DD00E32148 /* Data+Encode.swift in Sources */,
				E2C3D6F9282A901300E0B8FE /* BorderedTextField.swift in Sources */,
				28DFF7E6281D4F6A0012C12C /* DayProgress.swift in Sources */,
				E2B1C6892899E4A900DC7C92 /* UserService.swift in Sources */,
				E2C3D6EE282A8A9E00E0B8FE /* Color+TSS.swift in Sources */,
				E289F1472899D00500E32148 /* AuthService.swift in Sources */,
				E2C3D708282AA1C200E0B8FE /* MainPage.swift in Sources */,
				E2B1C68C2899E5BB00DC7C92 /* SleepService.swift in Sources */,
				28DFF7E0281C8D4E0012C12C /* Date+TSS.swift in Sources */,
				E289F12E2899A9D800E32148 /* SleepEntry.swift in Sources */,
				E2C3D6FC282A912300E0B8FE /* PrimaryButtonStyle.swift in Sources */,
				E289F1312899AA5E00E32148 /* User.swift in Sources */,
				28DFF7DB281C853C0012C12C /* TopCard.swift in Sources */,
				E289F1342899AA8C00E32148 /* UserAuth.swift in Sources */,
				28DFF7CE281C84810012C12C /* ContentView.swift in Sources */,
				E2C3D6F6282A8D5D00E0B8FE /* OnboardingViewModel.swift in Sources */,
				E2C3D6FF282A954A00E0B8FE /* View+TSS.swift in Sources */,
				E2C3D704282AA1AA00E0B8FE /* WelcomePage.swift in Sources */,
				28DFF7CC281C84810012C12C /* The_Sleep_SynopsisApp.swift in Sources */,
				E289F14A2899D3FB00E32148 /* Global.swift in Sources */,
			);
			runOnlyForDeploymentPostprocessing = 0;
		};
/* End PBXSourcesBuildPhase section */

/* Begin XCBuildConfiguration section */
		28DFF7D1281C84810012C12C /* Debug */ = {
			isa = XCBuildConfiguration;
			buildSettings = {
				ALWAYS_SEARCH_USER_PATHS = NO;
				CLANG_ANALYZER_NONNULL = YES;
				CLANG_ANALYZER_NUMBER_OBJECT_CONVERSION = YES_AGGRESSIVE;
				CLANG_CXX_LANGUAGE_STANDARD = "gnu++17";
				CLANG_CXX_LIBRARY = "libc++";
				CLANG_ENABLE_MODULES = YES;
				CLANG_ENABLE_OBJC_ARC = YES;
				CLANG_ENABLE_OBJC_WEAK = YES;
				CLANG_WARN_BLOCK_CAPTURE_AUTORELEASING = YES;
				CLANG_WARN_BOOL_CONVERSION = YES;
				CLANG_WARN_COMMA = YES;
				CLANG_WARN_CONSTANT_CONVERSION = YES;
				CLANG_WARN_DEPRECATED_OBJC_IMPLEMENTATIONS = YES;
				CLANG_WARN_DIRECT_OBJC_ISA_USAGE = YES_ERROR;
				CLANG_WARN_DOCUMENTATION_COMMENTS = YES;
				CLANG_WARN_EMPTY_BODY = YES;
				CLANG_WARN_ENUM_CONVERSION = YES;
				CLANG_WARN_INFINITE_RECURSION = YES;
				CLANG_WARN_INT_CONVERSION = YES;
				CLANG_WARN_NON_LITERAL_NULL_CONVERSION = YES;
				CLANG_WARN_OBJC_IMPLICIT_RETAIN_SELF = YES;
				CLANG_WARN_OBJC_LITERAL_CONVERSION = YES;
				CLANG_WARN_OBJC_ROOT_CLASS = YES_ERROR;
				CLANG_WARN_QUOTED_INCLUDE_IN_FRAMEWORK_HEADER = YES;
				CLANG_WARN_RANGE_LOOP_ANALYSIS = YES;
				CLANG_WARN_STRICT_PROTOTYPES = YES;
				CLANG_WARN_SUSPICIOUS_MOVE = YES;
				CLANG_WARN_UNGUARDED_AVAILABILITY = YES_AGGRESSIVE;
				CLANG_WARN_UNREACHABLE_CODE = YES;
				CLANG_WARN__DUPLICATE_METHOD_MATCH = YES;
				COPY_PHASE_STRIP = NO;
				DEBUG_INFORMATION_FORMAT = dwarf;
				ENABLE_STRICT_OBJC_MSGSEND = YES;
				ENABLE_TESTABILITY = YES;
				GCC_C_LANGUAGE_STANDARD = gnu11;
				GCC_DYNAMIC_NO_PIC = NO;
				GCC_NO_COMMON_BLOCKS = YES;
				GCC_OPTIMIZATION_LEVEL = 0;
				GCC_PREPROCESSOR_DEFINITIONS = (
					"DEBUG=1",
					"$(inherited)",
				);
				GCC_WARN_64_TO_32_BIT_CONVERSION = YES;
				GCC_WARN_ABOUT_RETURN_TYPE = YES_ERROR;
				GCC_WARN_UNDECLARED_SELECTOR = YES;
				GCC_WARN_UNINITIALIZED_AUTOS = YES_AGGRESSIVE;
				GCC_WARN_UNUSED_FUNCTION = YES;
				GCC_WARN_UNUSED_VARIABLE = YES;
				MTL_ENABLE_DEBUG_INFO = INCLUDE_SOURCE;
				MTL_FAST_MATH = YES;
				ONLY_ACTIVE_ARCH = YES;
				SWIFT_ACTIVE_COMPILATION_CONDITIONS = DEBUG;
				SWIFT_OPTIMIZATION_LEVEL = "-Onone";
			};
			name = Debug;
		};
		28DFF7D2281C84810012C12C /* Release */ = {
			isa = XCBuildConfiguration;
			buildSettings = {
				ALWAYS_SEARCH_USER_PATHS = NO;
				CLANG_ANALYZER_NONNULL = YES;
				CLANG_ANALYZER_NUMBER_OBJECT_CONVERSION = YES_AGGRESSIVE;
				CLANG_CXX_LANGUAGE_STANDARD = "gnu++17";
				CLANG_CXX_LIBRARY = "libc++";
				CLANG_ENABLE_MODULES = YES;
				CLANG_ENABLE_OBJC_ARC = YES;
				CLANG_ENABLE_OBJC_WEAK = YES;
				CLANG_WARN_BLOCK_CAPTURE_AUTORELEASING = YES;
				CLANG_WARN_BOOL_CONVERSION = YES;
				CLANG_WARN_COMMA = YES;
				CLANG_WARN_CONSTANT_CONVERSION = YES;
				CLANG_WARN_DEPRECATED_OBJC_IMPLEMENTATIONS = YES;
				CLANG_WARN_DIRECT_OBJC_ISA_USAGE = YES_ERROR;
				CLANG_WARN_DOCUMENTATION_COMMENTS = YES;
				CLANG_WARN_EMPTY_BODY = YES;
				CLANG_WARN_ENUM_CONVERSION = YES;
				CLANG_WARN_INFINITE_RECURSION = YES;
				CLANG_WARN_INT_CONVERSION = YES;
				CLANG_WARN_NON_LITERAL_NULL_CONVERSION = YES;
				CLANG_WARN_OBJC_IMPLICIT_RETAIN_SELF = YES;
				CLANG_WARN_OBJC_LITERAL_CONVERSION = YES;
				CLANG_WARN_OBJC_ROOT_CLASS = YES_ERROR;
				CLANG_WARN_QUOTED_INCLUDE_IN_FRAMEWORK_HEADER = YES;
				CLANG_WARN_RANGE_LOOP_ANALYSIS = YES;
				CLANG_WARN_STRICT_PROTOTYPES = YES;
				CLANG_WARN_SUSPICIOUS_MOVE = YES;
				CLANG_WARN_UNGUARDED_AVAILABILITY = YES_AGGRESSIVE;
				CLANG_WARN_UNREACHABLE_CODE = YES;
				CLANG_WARN__DUPLICATE_METHOD_MATCH = YES;
				COPY_PHASE_STRIP = NO;
				DEBUG_INFORMATION_FORMAT = "dwarf-with-dsym";
				ENABLE_NS_ASSERTIONS = NO;
				ENABLE_STRICT_OBJC_MSGSEND = YES;
				GCC_C_LANGUAGE_STANDARD = gnu11;
				GCC_NO_COMMON_BLOCKS = YES;
				GCC_WARN_64_TO_32_BIT_CONVERSION = YES;
				GCC_WARN_ABOUT_RETURN_TYPE = YES_ERROR;
				GCC_WARN_UNDECLARED_SELECTOR = YES;
				GCC_WARN_UNINITIALIZED_AUTOS = YES_AGGRESSIVE;
				GCC_WARN_UNUSED_FUNCTION = YES;
				GCC_WARN_UNUSED_VARIABLE = YES;
				MTL_ENABLE_DEBUG_INFO = NO;
				MTL_FAST_MATH = YES;
				SWIFT_COMPILATION_MODE = wholemodule;
				SWIFT_OPTIMIZATION_LEVEL = "-O";
			};
			name = Release;
		};
		28DFF7D4281C84810012C12C /* Debug */ = {
			isa = XCBuildConfiguration;
			buildSettings = {
				ASSETCATALOG_COMPILER_APPICON_NAME = AppIcon;
				ASSETCATALOG_COMPILER_GLOBAL_ACCENT_COLOR_NAME = AccentColor;
				CODE_SIGN_STYLE = Automatic;
				CURRENT_PROJECT_VERSION = 1;
				DEVELOPMENT_TEAM = 8H3J46CN24;
				ENABLE_PREVIEWS = YES;
				GENERATE_INFOPLIST_FILE = YES;
				INFOPLIST_KEY_UIApplicationSceneManifest_Generation = YES;
				INFOPLIST_KEY_UIApplicationSupportsIndirectInputEvents = YES;
				INFOPLIST_KEY_UILaunchScreen_Generation = YES;
				INFOPLIST_KEY_UISupportedInterfaceOrientations_iPad = "UIInterfaceOrientationPortrait UIInterfaceOrientationPortraitUpsideDown UIInterfaceOrientationLandscapeLeft UIInterfaceOrientationLandscapeRight";
				INFOPLIST_KEY_UISupportedInterfaceOrientations_iPhone = "UIInterfaceOrientationPortrait UIInterfaceOrientationLandscapeLeft UIInterfaceOrientationLandscapeRight";
				IPHONEOS_DEPLOYMENT_TARGET = 15.2;
				LD_RUNPATH_SEARCH_PATHS = (
					"$(inherited)",
					"@executable_path/Frameworks",
				);
				MARKETING_VERSION = 1.0;
				PRODUCT_BUNDLE_IDENTIFIER = "online.tomk.The-Sleep-Synopsis";
				PRODUCT_NAME = "The Sleep Synopsis";
				SDKROOT = iphoneos;
				SWIFT_EMIT_LOC_STRINGS = YES;
				SWIFT_VERSION = 5.0;
				TARGETED_DEVICE_FAMILY = "1,2";
			};
			name = Debug;
		};
		28DFF7D5281C84810012C12C /* Release */ = {
			isa = XCBuildConfiguration;
			buildSettings = {
				ASSETCATALOG_COMPILER_APPICON_NAME = AppIcon;
				ASSETCATALOG_COMPILER_GLOBAL_ACCENT_COLOR_NAME = AccentColor;
				CODE_SIGN_STYLE = Automatic;
				CURRENT_PROJECT_VERSION = 1;
				DEVELOPMENT_TEAM = 8H3J46CN24;
				ENABLE_PREVIEWS = YES;
				GENERATE_INFOPLIST_FILE = YES;
				INFOPLIST_KEY_UIApplicationSceneManifest_Generation = YES;
				INFOPLIST_KEY_UIApplicationSupportsIndirectInputEvents = YES;
				INFOPLIST_KEY_UILaunchScreen_Generation = YES;
				INFOPLIST_KEY_UISupportedInterfaceOrientations_iPad = "UIInterfaceOrientationPortrait UIInterfaceOrientationPortraitUpsideDown UIInterfaceOrientationLandscapeLeft UIInterfaceOrientationLandscapeRight";
				INFOPLIST_KEY_UISupportedInterfaceOrientations_iPhone = "UIInterfaceOrientationPortrait UIInterfaceOrientationLandscapeLeft UIInterfaceOrientationLandscapeRight";
				IPHONEOS_DEPLOYMENT_TARGET = 15.2;
				LD_RUNPATH_SEARCH_PATHS = (
					"$(inherited)",
					"@executable_path/Frameworks",
				);
				MARKETING_VERSION = 1.0;
				PRODUCT_BUNDLE_IDENTIFIER = "online.tomk.The-Sleep-Synopsis";
				PRODUCT_NAME = "The Sleep Synopsis";
				SDKROOT = iphoneos;
				SWIFT_EMIT_LOC_STRINGS = YES;
				SWIFT_VERSION = 5.0;
				TARGETED_DEVICE_FAMILY = "1,2";
				VALIDATE_PRODUCT = YES;
			};
			name = Release;
		};
		28DFF7D7281C84810012C12C /* Debug */ = {
			isa = XCBuildConfiguration;
			buildSettings = {
				ASSETCATALOG_COMPILER_APPICON_NAME = AppIcon;
				ASSETCATALOG_COMPILER_GLOBAL_ACCENT_COLOR_NAME = AccentColor;
				CODE_SIGN_ENTITLEMENTS = macOS/macOS.entitlements;
				CODE_SIGN_STYLE = Automatic;
				COMBINE_HIDPI_IMAGES = YES;
				CURRENT_PROJECT_VERSION = 1;
				DEVELOPMENT_TEAM = 8H3J46CN24;
				ENABLE_HARDENED_RUNTIME = YES;
				ENABLE_PREVIEWS = YES;
				GENERATE_INFOPLIST_FILE = YES;
				INFOPLIST_KEY_NSHumanReadableCopyright = "";
				LD_RUNPATH_SEARCH_PATHS = (
					"$(inherited)",
					"@executable_path/../Frameworks",
				);
				MACOSX_DEPLOYMENT_TARGET = 11.6;
				MARKETING_VERSION = 1.0;
				PRODUCT_BUNDLE_IDENTIFIER = "online.tomk.The-Sleep-Synopsis";
				PRODUCT_NAME = "The Sleep Synopsis";
				SDKROOT = macosx;
				SWIFT_EMIT_LOC_STRINGS = YES;
				SWIFT_VERSION = 5.0;
			};
			name = Debug;
		};
		28DFF7D8281C84810012C12C /* Release */ = {
			isa = XCBuildConfiguration;
			buildSettings = {
				ASSETCATALOG_COMPILER_APPICON_NAME = AppIcon;
				ASSETCATALOG_COMPILER_GLOBAL_ACCENT_COLOR_NAME = AccentColor;
				CODE_SIGN_ENTITLEMENTS = macOS/macOS.entitlements;
				CODE_SIGN_STYLE = Automatic;
				COMBINE_HIDPI_IMAGES = YES;
				CURRENT_PROJECT_VERSION = 1;
				DEVELOPMENT_TEAM = 8H3J46CN24;
				ENABLE_HARDENED_RUNTIME = YES;
				ENABLE_PREVIEWS = YES;
				GENERATE_INFOPLIST_FILE = YES;
				INFOPLIST_KEY_NSHumanReadableCopyright = "";
				LD_RUNPATH_SEARCH_PATHS = (
					"$(inherited)",
					"@executable_path/../Frameworks",
				);
				MACOSX_DEPLOYMENT_TARGET = 11.6;
				MARKETING_VERSION = 1.0;
				PRODUCT_BUNDLE_IDENTIFIER = "online.tomk.The-Sleep-Synopsis";
				PRODUCT_NAME = "The Sleep Synopsis";
				SDKROOT = macosx;
				SWIFT_EMIT_LOC_STRINGS = YES;
				SWIFT_VERSION = 5.0;
			};
			name = Release;
		};
/* End XCBuildConfiguration section */

/* Begin XCConfigurationList section */
		28DFF7B9281C847D0012C12C /* Build configuration list for PBXProject "The Sleep Synopsis" */ = {
			isa = XCConfigurationList;
			buildConfigurations = (
				28DFF7D1281C84810012C12C /* Debug */,
				28DFF7D2281C84810012C12C /* Release */,
			);
			defaultConfigurationIsVisible = 0;
			defaultConfigurationName = Release;
		};
		28DFF7D3281C84810012C12C /* Build configuration list for PBXNativeTarget "The Sleep Synopsis (iOS)" */ = {
			isa = XCConfigurationList;
			buildConfigurations = (
				28DFF7D4281C84810012C12C /* Debug */,
				28DFF7D5281C84810012C12C /* Release */,
			);
			defaultConfigurationIsVisible = 0;
			defaultConfigurationName = Release;
		};
		28DFF7D6281C84810012C12C /* Build configuration list for PBXNativeTarget "The Sleep Synopsis (macOS)" */ = {
			isa = XCConfigurationList;
			buildConfigurations = (
				28DFF7D7281C84810012C12C /* Debug */,
				28DFF7D8281C84810012C12C /* Release */,
			);
			defaultConfigurationIsVisible = 0;
			defaultConfigurationName = Release;
		};
/* End XCConfigurationList section */

/* Begin XCRemoteSwiftPackageReference section */
		E289F10F2894958A00E32148 /* XCRemoteSwiftPackageReference "SwiftUI-Introspect" */ = {
			isa = XCRemoteSwiftPackageReference;
			repositoryURL = "https://github.com/siteline/SwiftUI-Introspect.git";
			requirement = {
				branch = master;
				kind = branch;
			};
		};
		E289F1232896E8B200E32148 /* XCRemoteSwiftPackageReference "ChartView" */ = {
			isa = XCRemoteSwiftPackageReference;
			repositoryURL = "https://github.com/Tom-Knighton/ChartView";
			requirement = {
				kind = upToNextMajorVersion;
				minimumVersion = 1.5.0;
			};
		};
		E289F13C2899B3B300E32148 /* XCRemoteSwiftPackageReference "KeychainAccess" */ = {
			isa = XCRemoteSwiftPackageReference;
			repositoryURL = "https://github.com/kishikawakatsumi/KeychainAccess";
			requirement = {
				branch = master;
				kind = branch;
			};
		};
		E289F13F2899B4C100E32148 /* XCRemoteSwiftPackageReference "JWTDecode" */ = {
			isa = XCRemoteSwiftPackageReference;
			repositoryURL = "https://github.com/auth0/JWTDecode.swift";
			requirement = {
				kind = upToNextMajorVersion;
				minimumVersion = 3.0.0;
			};
		};
/* End XCRemoteSwiftPackageReference section */

/* Begin XCSwiftPackageProductDependency section */
		E289F1102894958A00E32148 /* Introspect */ = {
			isa = XCSwiftPackageProductDependency;
			package = E289F10F2894958A00E32148 /* XCRemoteSwiftPackageReference "SwiftUI-Introspect" */;
			productName = Introspect;
		};
		E289F1242896E8B200E32148 /* SwiftUICharts */ = {
			isa = XCSwiftPackageProductDependency;
			package = E289F1232896E8B200E32148 /* XCRemoteSwiftPackageReference "ChartView" */;
			productName = SwiftUICharts;
		};
		E289F13D2899B3B300E32148 /* KeychainAccess */ = {
			isa = XCSwiftPackageProductDependency;
			package = E289F13C2899B3B300E32148 /* XCRemoteSwiftPackageReference "KeychainAccess" */;
			productName = KeychainAccess;
		};
		E289F1402899B4C100E32148 /* JWTDecode */ = {
			isa = XCSwiftPackageProductDependency;
			package = E289F13F2899B4C100E32148 /* XCRemoteSwiftPackageReference "JWTDecode" */;
			productName = JWTDecode;
		};
/* End XCSwiftPackageProductDependency section */
	};
	rootObject = 28DFF7B6281C847D0012C12C /* Project object */;
}
